// !$*UTF8*$!
{
	archiveVersion = 1;
	classes = {
	};
	objectVersion = 50;
	objects = {

/* Begin PBXBuildFile section */
		552C5BE821388FE0006D031C /* AppDelegate.swift in Sources */ = {isa = PBXBuildFile; fileRef = 552C5BE721388FE0006D031C /* AppDelegate.swift */; };
		552C5BED21388FE0006D031C /* Main.storyboard in Resources */ = {isa = PBXBuildFile; fileRef = 552C5BEB21388FE0006D031C /* Main.storyboard */; };
		552C5BF021388FE0006D031C /* WeatherApp.xcdatamodeld in Sources */ = {isa = PBXBuildFile; fileRef = 552C5BEE21388FE0006D031C /* WeatherApp.xcdatamodeld */; };
		552C5BF221388FE1006D031C /* Assets.xcassets in Resources */ = {isa = PBXBuildFile; fileRef = 552C5BF121388FE1006D031C /* Assets.xcassets */; };
		552C5BF521388FE1006D031C /* LaunchScreen.storyboard in Resources */ = {isa = PBXBuildFile; fileRef = 552C5BF321388FE1006D031C /* LaunchScreen.storyboard */; };
		553E663721393012000C7640 /* CityListTableViewController.swift in Sources */ = {isa = PBXBuildFile; fileRef = 553E663621393012000C7640 /* CityListTableViewController.swift */; };
		553E663A21393FC4000C7640 /* NetworkManager.swift in Sources */ = {isa = PBXBuildFile; fileRef = 553E663921393FC4000C7640 /* NetworkManager.swift */; };
		553E663C21394B79000C7640 /* WeatherDataModel.swift in Sources */ = {isa = PBXBuildFile; fileRef = 553E663B21394B79000C7640 /* WeatherDataModel.swift */; };
		553E6646213B0D22000C7640 /* CurrentWeatherViewController.swift in Sources */ = {isa = PBXBuildFile; fileRef = 553E6645213B0D22000C7640 /* CurrentWeatherViewController.swift */; };
		553E6648213C1FDD000C7640 /* DetailsTabBarController.swift in Sources */ = {isa = PBXBuildFile; fileRef = 553E6647213C1FDD000C7640 /* DetailsTabBarController.swift */; };
		553E664A213C227B000C7640 /* DetailTableViewController.swift in Sources */ = {isa = PBXBuildFile; fileRef = 553E6649213C227B000C7640 /* DetailTableViewController.swift */; };
		558EA1A7213DA1FF00248CF6 /* ForecastDataModel.swift in Sources */ = {isa = PBXBuildFile; fileRef = 558EA1A6213DA1FF00248CF6 /* ForecastDataModel.swift */; };
		558EA1AD213EA6EF00248CF6 /* ThreeDaysForecastViewController.swift in Sources */ = {isa = PBXBuildFile; fileRef = 558EA1AC213EA6EF00248CF6 /* ThreeDaysForecastViewController.swift */; };
		558EA1AF213EB74900248CF6 /* Parser.swift in Sources */ = {isa = PBXBuildFile; fileRef = 558EA1AE213EB74900248CF6 /* Parser.swift */; };
		E1498A4E10AD2F8E4C8BB26D /* Pods_WeatherApp.framework in Frameworks */ = {isa = PBXBuildFile; fileRef = 8B2D52241E78E0473526D8F6 /* Pods_WeatherApp.framework */; };
/* End PBXBuildFile section */

/* Begin PBXFileReference section */
		00A0906942094115BE2B816A /* Pods-WeatherApp.release.xcconfig */ = {isa = PBXFileReference; includeInIndex = 1; lastKnownFileType = text.xcconfig; name = "Pods-WeatherApp.release.xcconfig"; path = "Pods/Target Support Files/Pods-WeatherApp/Pods-WeatherApp.release.xcconfig"; sourceTree = "<group>"; };
		1A4087F7DBB5D60D88711338 /* Pods-WeatherApp.debug.xcconfig */ = {isa = PBXFileReference; includeInIndex = 1; lastKnownFileType = text.xcconfig; name = "Pods-WeatherApp.debug.xcconfig"; path = "Pods/Target Support Files/Pods-WeatherApp/Pods-WeatherApp.debug.xcconfig"; sourceTree = "<group>"; };
		552C5BE421388FE0006D031C /* WeatherApp.app */ = {isa = PBXFileReference; explicitFileType = wrapper.application; includeInIndex = 0; path = WeatherApp.app; sourceTree = BUILT_PRODUCTS_DIR; };
		552C5BE721388FE0006D031C /* AppDelegate.swift */ = {isa = PBXFileReference; lastKnownFileType = sourcecode.swift; path = AppDelegate.swift; sourceTree = "<group>"; };
		552C5BEC21388FE0006D031C /* Base */ = {isa = PBXFileReference; lastKnownFileType = file.storyboard; name = Base; path = Base.lproj/Main.storyboard; sourceTree = "<group>"; };
		552C5BEF21388FE0006D031C /* WeatherApp.xcdatamodel */ = {isa = PBXFileReference; lastKnownFileType = wrapper.xcdatamodel; path = WeatherApp.xcdatamodel; sourceTree = "<group>"; };
		552C5BF121388FE1006D031C /* Assets.xcassets */ = {isa = PBXFileReference; lastKnownFileType = folder.assetcatalog; path = Assets.xcassets; sourceTree = "<group>"; };
		552C5BF421388FE1006D031C /* Base */ = {isa = PBXFileReference; lastKnownFileType = file.storyboard; name = Base; path = Base.lproj/LaunchScreen.storyboard; sourceTree = "<group>"; };
		552C5BF621388FE1006D031C /* Info.plist */ = {isa = PBXFileReference; lastKnownFileType = text.plist.xml; path = Info.plist; sourceTree = "<group>"; };
		553E663621393012000C7640 /* CityListTableViewController.swift */ = {isa = PBXFileReference; lastKnownFileType = sourcecode.swift; path = CityListTableViewController.swift; sourceTree = "<group>"; };
		553E663921393FC4000C7640 /* NetworkManager.swift */ = {isa = PBXFileReference; lastKnownFileType = sourcecode.swift; path = NetworkManager.swift; sourceTree = "<group>"; };
		553E663B21394B79000C7640 /* WeatherDataModel.swift */ = {isa = PBXFileReference; lastKnownFileType = sourcecode.swift; path = WeatherDataModel.swift; sourceTree = "<group>"; };
		553E6645213B0D22000C7640 /* CurrentWeatherViewController.swift */ = {isa = PBXFileReference; lastKnownFileType = sourcecode.swift; path = CurrentWeatherViewController.swift; sourceTree = "<group>"; };
		553E6647213C1FDD000C7640 /* DetailsTabBarController.swift */ = {isa = PBXFileReference; lastKnownFileType = sourcecode.swift; name = DetailsTabBarController.swift; path = WeatherApp/Controller/DetailsTabBarController.swift; sourceTree = SOURCE_ROOT; };
		553E6649213C227B000C7640 /* DetailTableViewController.swift */ = {isa = PBXFileReference; lastKnownFileType = sourcecode.swift; name = DetailTableViewController.swift; path = WeatherApp/Controller/DetailTableViewController.swift; sourceTree = SOURCE_ROOT; };
		558EA1A6213DA1FF00248CF6 /* ForecastDataModel.swift */ = {isa = PBXFileReference; lastKnownFileType = sourcecode.swift; path = ForecastDataModel.swift; sourceTree = "<group>"; };
		558EA1AC213EA6EF00248CF6 /* ThreeDaysForecastViewController.swift */ = {isa = PBXFileReference; lastKnownFileType = sourcecode.swift; name = ThreeDaysForecastViewController.swift; path = /Users/Andrey/Projects/WeatherApp/WeatherApp/Controller/ThreeDaysForecastViewController.swift; sourceTree = "<absolute>"; };
		558EA1AE213EB74900248CF6 /* Parser.swift */ = {isa = PBXFileReference; lastKnownFileType = sourcecode.swift; path = Parser.swift; sourceTree = "<group>"; };
		8B2D52241E78E0473526D8F6 /* Pods_WeatherApp.framework */ = {isa = PBXFileReference; explicitFileType = wrapper.framework; includeInIndex = 0; path = Pods_WeatherApp.framework; sourceTree = BUILT_PRODUCTS_DIR; };
/* End PBXFileReference section */

/* Begin PBXFrameworksBuildPhase section */
		552C5BE121388FE0006D031C /* Frameworks */ = {
			isa = PBXFrameworksBuildPhase;
			buildActionMask = 2147483647;
			files = (
				E1498A4E10AD2F8E4C8BB26D /* Pods_WeatherApp.framework in Frameworks */,
			);
			runOnlyForDeploymentPostprocessing = 0;
		};
/* End PBXFrameworksBuildPhase section */

/* Begin PBXGroup section */
		29D2B975B4F5B1FA757F7DFE /* Frameworks */ = {
			isa = PBXGroup;
			children = (
				8B2D52241E78E0473526D8F6 /* Pods_WeatherApp.framework */,
			);
			name = Frameworks;
			sourceTree = "<group>";
		};
		552C5BDB21388FDF006D031C = {
			isa = PBXGroup;
			children = (
				552C5BE621388FE0006D031C /* WeatherApp */,
				552C5BE521388FE0006D031C /* Products */,
				7CCC105303C87D2F9EB2FF6C /* Pods */,
				29D2B975B4F5B1FA757F7DFE /* Frameworks */,
			);
			sourceTree = "<group>";
		};
		552C5BE521388FE0006D031C /* Products */ = {
			isa = PBXGroup;
			children = (
				552C5BE421388FE0006D031C /* WeatherApp.app */,
			);
			name = Products;
			sourceTree = "<group>";
		};
		552C5BE621388FE0006D031C /* WeatherApp */ = {
			isa = PBXGroup;
			children = (
				552C5BFC21389227006D031C /* Model */,
				552C5BFD2138923E006D031C /* View */,
				552C5BFE21389246006D031C /* Controller */,
				553E663821393F91000C7640 /* Utilities */,
				552C5BE721388FE0006D031C /* AppDelegate.swift */,
				552C5BF321388FE1006D031C /* LaunchScreen.storyboard */,
				552C5BF121388FE1006D031C /* Assets.xcassets */,
				552C5BF621388FE1006D031C /* Info.plist */,
				552C5BEE21388FE0006D031C /* WeatherApp.xcdatamodeld */,
			);
			path = WeatherApp;
			sourceTree = "<group>";
		};
		552C5BFC21389227006D031C /* Model */ = {
			isa = PBXGroup;
			children = (
				553E663B21394B79000C7640 /* WeatherDataModel.swift */,
				558EA1A6213DA1FF00248CF6 /* ForecastDataModel.swift */,
			);
			path = Model;
			sourceTree = "<group>";
		};
		552C5BFD2138923E006D031C /* View */ = {
			isa = PBXGroup;
			children = (
				552C5BEB21388FE0006D031C /* Main.storyboard */,
			);
			path = View;
			sourceTree = "<group>";
		};
		552C5BFE21389246006D031C /* Controller */ = {
			isa = PBXGroup;
			children = (
				558EA1AC213EA6EF00248CF6 /* ThreeDaysForecastViewController.swift */,
				553E6649213C227B000C7640 /* DetailTableViewController.swift */,
				553E6647213C1FDD000C7640 /* DetailsTabBarController.swift */,
				553E663621393012000C7640 /* CityListTableViewController.swift */,
				553E6645213B0D22000C7640 /* CurrentWeatherViewController.swift */,
			);
			path = Controller;
			sourceTree = "<group>";
		};
		553E663821393F91000C7640 /* Utilities */ = {
			isa = PBXGroup;
			children = (
				553E663921393FC4000C7640 /* NetworkManager.swift */,
				558EA1AE213EB74900248CF6 /* Parser.swift */,
			);
			path = Utilities;
			sourceTree = "<group>";
		};
		7CCC105303C87D2F9EB2FF6C /* Pods */ = {
			isa = PBXGroup;
			children = (
				1A4087F7DBB5D60D88711338 /* Pods-WeatherApp.debug.xcconfig */,
				00A0906942094115BE2B816A /* Pods-WeatherApp.release.xcconfig */,
			);
			name = Pods;
			sourceTree = "<group>";
		};
/* End PBXGroup section */

/* Begin PBXNativeTarget section */
		552C5BE321388FE0006D031C /* WeatherApp */ = {
			isa = PBXNativeTarget;
			buildConfigurationList = 552C5BF921388FE1006D031C /* Build configuration list for PBXNativeTarget "WeatherApp" */;
			buildPhases = (
				39C84DC85DB8893F6F75AA0A /* [CP] Check Pods Manifest.lock */,
				552C5BE021388FE0006D031C /* Sources */,
				552C5BE121388FE0006D031C /* Frameworks */,
				552C5BE221388FE0006D031C /* Resources */,
				C3736B8944ABFF04DD9DB93D /* [CP] Embed Pods Frameworks */,
				24F5923E8DDACCFCD0B69191 /* [CP] Copy Pods Resources */,
			);
			buildRules = (
			);
			dependencies = (
			);
			name = WeatherApp;
			productName = WeatherApp;
			productReference = 552C5BE421388FE0006D031C /* WeatherApp.app */;
			productType = "com.apple.product-type.application";
		};
/* End PBXNativeTarget section */

/* Begin PBXProject section */
		552C5BDC21388FDF006D031C /* Project object */ = {
			isa = PBXProject;
			attributes = {
				LastSwiftUpdateCheck = 0940;
				LastUpgradeCheck = 0940;
				ORGANIZATIONNAME = "Andrey Dyadkovich";
				TargetAttributes = {
					552C5BE321388FE0006D031C = {
						CreatedOnToolsVersion = 9.4.1;
					};
				};
			};
			buildConfigurationList = 552C5BDF21388FDF006D031C /* Build configuration list for PBXProject "WeatherApp" */;
			compatibilityVersion = "Xcode 9.3";
			developmentRegion = en;
			hasScannedForEncodings = 0;
			knownRegions = (
				en,
				Base,
			);
			mainGroup = 552C5BDB21388FDF006D031C;
			productRefGroup = 552C5BE521388FE0006D031C /* Products */;
			projectDirPath = "";
			projectRoot = "";
			targets = (
				552C5BE321388FE0006D031C /* WeatherApp */,
			);
		};
/* End PBXProject section */

/* Begin PBXResourcesBuildPhase section */
		552C5BE221388FE0006D031C /* Resources */ = {
			isa = PBXResourcesBuildPhase;
			buildActionMask = 2147483647;
			files = (
				552C5BF521388FE1006D031C /* LaunchScreen.storyboard in Resources */,
				552C5BF221388FE1006D031C /* Assets.xcassets in Resources */,
				552C5BED21388FE0006D031C /* Main.storyboard in Resources */,
			);
			runOnlyForDeploymentPostprocessing = 0;
		};
/* End PBXResourcesBuildPhase section */

/* Begin PBXShellScriptBuildPhase section */
		24F5923E8DDACCFCD0B69191 /* [CP] Copy Pods Resources */ = {
			isa = PBXShellScriptBuildPhase;
			buildActionMask = 2147483647;
			files = (
			);
			inputPaths = (
			);
			name = "[CP] Copy Pods Resources";
			outputPaths = (
			);
			runOnlyForDeploymentPostprocessing = 0;
			shellPath = /bin/sh;
			shellScript = "\"${SRCROOT}/Pods/Target Support Files/Pods-WeatherApp/Pods-WeatherApp-resources.sh\"\n";
			showEnvVarsInLog = 0;
		};
		39C84DC85DB8893F6F75AA0A /* [CP] Check Pods Manifest.lock */ = {
			isa = PBXShellScriptBuildPhase;
			buildActionMask = 2147483647;
			files = (
			);
			inputPaths = (
				"${PODS_PODFILE_DIR_PATH}/Podfile.lock",
				"${PODS_ROOT}/Manifest.lock",
			);
			name = "[CP] Check Pods Manifest.lock";
			outputPaths = (
				"$(DERIVED_FILE_DIR)/Pods-WeatherApp-checkManifestLockResult.txt",
			);
			runOnlyForDeploymentPostprocessing = 0;
			shellPath = /bin/sh;
			shellScript = "diff \"${PODS_PODFILE_DIR_PATH}/Podfile.lock\" \"${PODS_ROOT}/Manifest.lock\" > /dev/null\nif [ $? != 0 ] ; then\n    # print error to STDERR\n    echo \"error: The sandbox is not in sync with the Podfile.lock. Run 'pod install' or update your CocoaPods installation.\" >&2\n    exit 1\nfi\n# This output is used by Xcode 'outputs' to avoid re-running this script phase.\necho \"SUCCESS\" > \"${SCRIPT_OUTPUT_FILE_0}\"\n";
			showEnvVarsInLog = 0;
		};
		C3736B8944ABFF04DD9DB93D /* [CP] Embed Pods Frameworks */ = {
			isa = PBXShellScriptBuildPhase;
			buildActionMask = 2147483647;
			files = (
			);
			inputPaths = (
				"${SRCROOT}/Pods/Target Support Files/Pods-WeatherApp/Pods-WeatherApp-frameworks.sh",
				"${BUILT_PRODUCTS_DIR}/Alamofire/Alamofire.framework",
			);
			name = "[CP] Embed Pods Frameworks";
			outputPaths = (
				"${TARGET_BUILD_DIR}/${FRAMEWORKS_FOLDER_PATH}/Alamofire.framework",
			);
			runOnlyForDeploymentPostprocessing = 0;
			shellPath = /bin/sh;
			shellScript = "\"${SRCROOT}/Pods/Target Support Files/Pods-WeatherApp/Pods-WeatherApp-frameworks.sh\"\n";
			showEnvVarsInLog = 0;
		};
/* End PBXShellScriptBuildPhase section */

/* Begin PBXSourcesBuildPhase section */
		552C5BE021388FE0006D031C /* Sources */ = {
			isa = PBXSourcesBuildPhase;
			buildActionMask = 2147483647;
			files = (
				553E664A213C227B000C7640 /* DetailTableViewController.swift in Sources */,
				558EA1AF213EB74900248CF6 /* Parser.swift in Sources */,
				553E663A21393FC4000C7640 /* NetworkManager.swift in Sources */,
				558EA1A7213DA1FF00248CF6 /* ForecastDataModel.swift in Sources */,
				558EA1AD213EA6EF00248CF6 /* ThreeDaysForecastViewController.swift in Sources */,
				553E663C21394B79000C7640 /* WeatherDataModel.swift in Sources */,
				553E6648213C1FDD000C7640 /* DetailsTabBarController.swift in Sources */,
				552C5BF021388FE0006D031C /* WeatherApp.xcdatamodeld in Sources */,
				553E663721393012000C7640 /* CityListTableViewController.swift in Sources */,
				552C5BE821388FE0006D031C /* AppDelegate.swift in Sources */,
				553E6646213B0D22000C7640 /* CurrentWeatherViewController.swift in Sources */,
			);
			runOnlyForDeploymentPostprocessing = 0;
		};
/* End PBXSourcesBuildPhase section */

/* Begin PBXVariantGroup section */
		552C5BEB21388FE0006D031C /* Main.storyboard */ = {
			isa = PBXVariantGroup;
			children = (
				552C5BEC21388FE0006D031C /* Base */,
			);
			name = Main.storyboard;
			sourceTree = "<group>";
		};
		552C5BF321388FE1006D031C /* LaunchScreen.storyboard */ = {
			isa = PBXVariantGroup;
			children = (
				552C5BF421388FE1006D031C /* Base */,
			);
			name = LaunchScreen.storyboard;
			sourceTree = "<group>";
		};
/* End PBXVariantGroup section */

/* Begin XCBuildConfiguration section */
		552C5BF721388FE1006D031C /* Debug */ = {
			isa = XCBuildConfiguration;
			buildSettings = {
				ALWAYS_SEARCH_USER_PATHS = NO;
				CLANG_ANALYZER_NONNULL = YES;
				CLANG_ANALYZER_NUMBER_OBJECT_CONVERSION = YES_AGGRESSIVE;
				CLANG_CXX_LANGUAGE_STANDARD = "gnu++14";
				CLANG_CXX_LIBRARY = "libc++";
				CLANG_ENABLE_MODULES = YES;
				CLANG_ENABLE_OBJC_ARC = YES;
				CLANG_ENABLE_OBJC_WEAK = YES;
				CLANG_WARN_BLOCK_CAPTURE_AUTORELEASING = YES;
				CLANG_WARN_BOOL_CONVERSION = YES;
				CLANG_WARN_COMMA = YES;
				CLANG_WARN_CONSTANT_CONVERSION = YES;
				CLANG_WARN_DEPRECATED_OBJC_IMPLEMENTATIONS = YES;
				CLANG_WARN_DIRECT_OBJC_ISA_USAGE = YES_ERROR;
				CLANG_WARN_DOCUMENTATION_COMMENTS = YES;
				CLANG_WARN_EMPTY_BODY = YES;
				CLANG_WARN_ENUM_CONVERSION = YES;
				CLANG_WARN_INFINITE_RECURSION = YES;
				CLANG_WARN_INT_CONVERSION = YES;
				CLANG_WARN_NON_LITERAL_NULL_CONVERSION = YES;
				CLANG_WARN_OBJC_IMPLICIT_RETAIN_SELF = YES;
				CLANG_WARN_OBJC_LITERAL_CONVERSION = YES;
				CLANG_WARN_OBJC_ROOT_CLASS = YES_ERROR;
				CLANG_WARN_RANGE_LOOP_ANALYSIS = YES;
				CLANG_WARN_STRICT_PROTOTYPES = YES;
				CLANG_WARN_SUSPICIOUS_MOVE = YES;
				CLANG_WARN_UNGUARDED_AVAILABILITY = YES_AGGRESSIVE;
				CLANG_WARN_UNREACHABLE_CODE = YES;
				CLANG_WARN__DUPLICATE_METHOD_MATCH = YES;
				CODE_SIGN_IDENTITY = "iPhone Developer";
				COPY_PHASE_STRIP = NO;
				DEBUG_INFORMATION_FORMAT = dwarf;
				ENABLE_STRICT_OBJC_MSGSEND = YES;
				ENABLE_TESTABILITY = YES;
				GCC_C_LANGUAGE_STANDARD = gnu11;
				GCC_DYNAMIC_NO_PIC = NO;
				GCC_NO_COMMON_BLOCKS = YES;
				GCC_OPTIMIZATION_LEVEL = 0;
				GCC_PREPROCESSOR_DEFINITIONS = (
					"DEBUG=1",
					"$(inherited)",
				);
				GCC_WARN_64_TO_32_BIT_CONVERSION = YES;
				GCC_WARN_ABOUT_RETURN_TYPE = YES_ERROR;
				GCC_WARN_UNDECLARED_SELECTOR = YES;
				GCC_WARN_UNINITIALIZED_AUTOS = YES_AGGRESSIVE;
				GCC_WARN_UNUSED_FUNCTION = YES;
				GCC_WARN_UNUSED_VARIABLE = YES;
				IPHONEOS_DEPLOYMENT_TARGET = 11.4;
				MTL_ENABLE_DEBUG_INFO = YES;
				ONLY_ACTIVE_ARCH = YES;
				SDKROOT = iphoneos;
				SWIFT_ACTIVE_COMPILATION_CONDITIONS = DEBUG;
				SWIFT_OPTIMIZATION_LEVEL = "-Onone";
			};
			name = Debug;
		};
		552C5BF821388FE1006D031C /* Release */ = {
			isa = XCBuildConfiguration;
			buildSettings = {
				ALWAYS_SEARCH_USER_PATHS = NO;
				CLANG_ANALYZER_NONNULL = YES;
				CLANG_ANALYZER_NUMBER_OBJECT_CONVERSION = YES_AGGRESSIVE;
				CLANG_CXX_LANGUAGE_STANDARD = "gnu++14";
				CLANG_CXX_LIBRARY = "libc++";
				CLANG_ENABLE_MODULES = YES;
				CLANG_ENABLE_OBJC_ARC = YES;
				CLANG_ENABLE_OBJC_WEAK = YES;
				CLANG_WARN_BLOCK_CAPTURE_AUTORELEASING = YES;
				CLANG_WARN_BOOL_CONVERSION = YES;
				CLANG_WARN_COMMA = YES;
				CLANG_WARN_CONSTANT_CONVERSION = YES;
				CLANG_WARN_DEPRECATED_OBJC_IMPLEMENTATIONS = YES;
				CLANG_WARN_DIRECT_OBJC_ISA_USAGE = YES_ERROR;
				CLANG_WARN_DOCUMENTATION_COMMENTS = YES;
				CLANG_WARN_EMPTY_BODY = YES;
				CLANG_WARN_ENUM_CONVERSION = YES;
				CLANG_WARN_INFINITE_RECURSION = YES;
				CLANG_WARN_INT_CONVERSION = YES;
				CLANG_WARN_NON_LITERAL_NULL_CONVERSION = YES;
				CLANG_WARN_OBJC_IMPLICIT_RETAIN_SELF = YES;
				CLANG_WARN_OBJC_LITERAL_CONVERSION = YES;
				CLANG_WARN_OBJC_ROOT_CLASS = YES_ERROR;
				CLANG_WARN_RANGE_LOOP_ANALYSIS = YES;
				CLANG_WARN_STRICT_PROTOTYPES = YES;
				CLANG_WARN_SUSPICIOUS_MOVE = YES;
				CLANG_WARN_UNGUARDED_AVAILABILITY = YES_AGGRESSIVE;
				CLANG_WARN_UNREACHABLE_CODE = YES;
				CLANG_WARN__DUPLICATE_METHOD_MATCH = YES;
				CODE_SIGN_IDENTITY = "iPhone Developer";
				COPY_PHASE_STRIP = NO;
				DEBUG_INFORMATION_FORMAT = "dwarf-with-dsym";
				ENABLE_NS_ASSERTIONS = NO;
				ENABLE_STRICT_OBJC_MSGSEND = YES;
				GCC_C_LANGUAGE_STANDARD = gnu11;
				GCC_NO_COMMON_BLOCKS = YES;
				GCC_WARN_64_TO_32_BIT_CONVERSION = YES;
				GCC_WARN_ABOUT_RETURN_TYPE = YES_ERROR;
				GCC_WARN_UNDECLARED_SELECTOR = YES;
				GCC_WARN_UNINITIALIZED_AUTOS = YES_AGGRESSIVE;
				GCC_WARN_UNUSED_FUNCTION = YES;
				GCC_WARN_UNUSED_VARIABLE = YES;
				IPHONEOS_DEPLOYMENT_TARGET = 11.4;
				MTL_ENABLE_DEBUG_INFO = NO;
				SDKROOT = iphoneos;
				SWIFT_COMPILATION_MODE = wholemodule;
				SWIFT_OPTIMIZATION_LEVEL = "-O";
				VALIDATE_PRODUCT = YES;
			};
			name = Release;
		};
		552C5BFA21388FE1006D031C /* Debug */ = {
			isa = XCBuildConfiguration;
			baseConfigurationReference = 1A4087F7DBB5D60D88711338 /* Pods-WeatherApp.debug.xcconfig */;
			buildSettings = {
				ASSETCATALOG_COMPILER_APPICON_NAME = AppIcon;
				CODE_SIGN_STYLE = Automatic;
				DEVELOPMENT_TEAM = V2APRJY97X;
				INFOPLIST_FILE = WeatherApp/Info.plist;
				LD_RUNPATH_SEARCH_PATHS = (
					"$(inherited)",
					"@executable_path/Frameworks",
				);
				PRODUCT_BUNDLE_IDENTIFIER = com.andreydyadkovich.WeatherApp;
				PRODUCT_NAME = "$(TARGET_NAME)";
				SWIFT_VERSION = 4.0;
				TARGETED_DEVICE_FAMILY = "1,2";
			};
			name = Debug;
		};
		552C5BFB21388FE1006D031C /* Release */ = {
			isa = XCBuildConfiguration;
			baseConfigurationReference = 00A0906942094115BE2B816A /* Pods-WeatherApp.release.xcconfig */;
			buildSettings = {
				ASSETCATALOG_COMPILER_APPICON_NAME = AppIcon;
				CODE_SIGN_STYLE = Automatic;
				DEVELOPMENT_TEAM = V2APRJY97X;
				INFOPLIST_FILE = WeatherApp/Info.plist;
				LD_RUNPATH_SEARCH_PATHS = (
					"$(inherited)",
					"@executable_path/Frameworks",
				);
				PRODUCT_BUNDLE_IDENTIFIER = com.andreydyadkovich.WeatherApp;
				PRODUCT_NAME = "$(TARGET_NAME)";
				SWIFT_VERSION = 4.0;
				TARGETED_DEVICE_FAMILY = "1,2";
			};
			name = Release;
		};
/* End XCBuildConfiguration section */

/* Begin XCConfigurationList section */
		552C5BDF21388FDF006D031C /* Build configuration list for PBXProject "WeatherApp" */ = {
			isa = XCConfigurationList;
			buildConfigurations = (
				552C5BF721388FE1006D031C /* Debug */,
				552C5BF821388FE1006D031C /* Release */,
			);
			defaultConfigurationIsVisible = 0;
			defaultConfigurationName = Release;
		};
		552C5BF921388FE1006D031C /* Build configuration list for PBXNativeTarget "WeatherApp" */ = {
			isa = XCConfigurationList;
			buildConfigurations = (
				552C5BFA21388FE1006D031C /* Debug */,
				552C5BFB21388FE1006D031C /* Release */,
			);
			defaultConfigurationIsVisible = 0;
			defaultConfigurationName = Release;
		};
/* End XCConfigurationList section */

/* Begin XCVersionGroup section */
		552C5BEE21388FE0006D031C /* WeatherApp.xcdatamodeld */ = {
			isa = XCVersionGroup;
			children = (
				552C5BEF21388FE0006D031C /* WeatherApp.xcdatamodel */,
			);
			currentVersion = 552C5BEF21388FE0006D031C /* WeatherApp.xcdatamodel */;
			path = WeatherApp.xcdatamodeld;
			sourceTree = "<group>";
			versionGroupType = wrapper.xcdatamodel;
		};
/* End XCVersionGroup section */
	};
	rootObject = 552C5BDC21388FDF006D031C /* Project object */;
}
